
Microsoft Visual Studio Solution File, Format Version 11.00
# Visual Studio 2010
Project("{FAE04EC0-301F-11D3-BF4B-00C04F79EFBC}") = "UGenUI", "Assembly-CSharp.csproj", "{F4DC3232-1916-44D3-973D-5CDB4D45D8CB}"
EndProject
Global
	GlobalSection(SolutionConfigurationPlatforms) = preSolution
		Debug|Any CPU = Debug|Any CPU
		Release|Any CPU = Release|Any CPU
	EndGlobalSection
	GlobalSection(ProjectConfigurationPlatforms) = postSolution
		{F4DC3232-1916-44D3-973D-5CDB4D45D8CB}.Debug|Any CPU.ActiveCfg = Debug|Any CPU
		{F4DC3232-1916-44D3-973D-5CDB4D45D8CB}.Debug|Any CPU.Build.0 = Debug|Any CPU
		{F4DC3232-1916-44D3-973D-5CDB4D45D8CB}.Release|Any CPU.ActiveCfg = Release|Any CPU
		{F4DC3232-1916-44D3-973D-5CDB4D45D8CB}.Release|Any CPU.Build.0 = Release|Any CPU
	EndGlobalSection
	GlobalSection(SolutionProperties) = preSolution
		HideSolutionNode = FALSE
	EndGlobalSection
	GlobalSection(MonoDevelopProperties) = preSolution
		StartupItem = Assembly-CSharp.csproj
	EndGlobalSection
EndGlobal
